
Microsoft Visual Studio Solution File, Format Version 12.00
# Visual Studio Version 16
VisualStudioVersion = 16.0.30907.101
MinimumVisualStudioVersion = 10.0.40219.1
Project("{FAE04EC0-301F-11D3-BF4B-00C04F79EFBC}") = "Basic Delegate", "Basic Delegate.csproj", "{30C5DF47-91A8-481F-B828-C367614E7343}"
EndProject
Global
	GlobalSection(SolutionConfigurationPlatforms) = preSolution
		Debug|Any CPU = Debug|Any CPU
		Release|Any CPU = Release|Any CPU
	EndGlobalSection
	GlobalSection(ProjectConfigurationPlatforms) = postSolution
		{30C5DF47-91A8-481F-B828-C367614E7343}.Debug|Any CPU.ActiveCfg = Debug|Any CPU
		{30C5DF47-91A8-481F-B828-C367614E7343}.Debug|Any CPU.Build.0 = Debug|Any CPU
		{30C5DF47-91A8-481F-B828-C367614E7343}.Release|Any CPU.ActiveCfg = Release|Any CPU
		{30C5DF47-91A8-481F-B828-C367614E7343}.Release|Any CPU.Build.0 = Release|Any CPU
	EndGlobalSection
	GlobalSection(SolutionProperties) = preSolution
		HideSolutionNode = FALSE
	EndGlobalSection
	GlobalSection(ExtensibilityGlobals) = postSolution
		SolutionGuid = {D30ADF2C-10AD-42B1-A001-64745BD912C0}
	EndGlobalSection
EndGlobal
