
Microsoft Visual Studio Solution File, Format Version 12.00
# Visual Studio Version 16
VisualStudioVersion = 16.0.30907.101
MinimumVisualStudioVersion = 10.0.40219.1
Project("{FAE04EC0-301F-11D3-BF4B-00C04F79EFBC}") = "ConsoleProgramming", "ConsoleProgramming.csproj", "{96190242-DFC9-43BD-8D8B-7C4BA6498CD3}"
EndProject
Global
	GlobalSection(SolutionConfigurationPlatforms) = preSolution
		Debug|Any CPU = Debug|Any CPU
		Release|Any CPU = Release|Any CPU
	EndGlobalSection
	GlobalSection(ProjectConfigurationPlatforms) = postSolution
		{96190242-DFC9-43BD-8D8B-7C4BA6498CD3}.Debug|Any CPU.ActiveCfg = Debug|Any CPU
		{96190242-DFC9-43BD-8D8B-7C4BA6498CD3}.Debug|Any CPU.Build.0 = Debug|Any CPU
		{96190242-DFC9-43BD-8D8B-7C4BA6498CD3}.Release|Any CPU.ActiveCfg = Release|Any CPU
		{96190242-DFC9-43BD-8D8B-7C4BA6498CD3}.Release|Any CPU.Build.0 = Release|Any CPU
	EndGlobalSection
	GlobalSection(SolutionProperties) = preSolution
		HideSolutionNode = FALSE
	EndGlobalSection
	GlobalSection(ExtensibilityGlobals) = postSolution
		SolutionGuid = {B01A589B-AF1D-4463-B80F-DDEBDC7C2B48}
	EndGlobalSection
EndGlobal
